
Microsoft Visual Studio Solution File, Format Version 12.00
# Visual Studio 15
VisualStudioVersion = 15.0.28010.2036
MinimumVisualStudioVersion = 10.0.40219.1
Project("{8BC9CEB8-8B4A-11D0-8D11-00A0C91BC942}") = "sqlite3", "sqlite3\sqlite3.vcxproj", "{8DFB5D27-4594-45F9-8D3F-DECBE5C8884D}"
EndProject
Global
	GlobalSection(SolutionConfigurationPlatforms) = preSolution
		Debug|x64 = Debug|x64
		Debug|x86 = Debug|x86
		DebugLib|x64 = DebugLib|x64
		DebugLib|x86 = DebugLib|x86
		Release|x64 = Release|x64
		Release|x86 = Release|x86
		ReleaseLib|x64 = ReleaseLib|x64
		ReleaseLib|x86 = ReleaseLib|x86
	EndGlobalSection
	GlobalSection(ProjectConfigurationPlatforms) = postSolution
		{8DFB5D27-4594-45F9-8D3F-DECBE5C8884D}.Debug|x64.ActiveCfg = Debug|x64
		{8DFB5D27-4594-45F9-8D3F-DECBE5C8884D}.Debug|x64.Build.0 = Debug|x64
		{8DFB5D27-4594-45F9-8D3F-DECBE5C8884D}.Debug|x86.ActiveCfg = Debug|Win32
		{8DFB5D27-4594-45F9-8D3F-DECBE5C8884D}.Debug|x86.Build.0 = Debug|Win32
		{8DFB5D27-4594-45F9-8D3F-DECBE5C8884D}.DebugLib|x64.ActiveCfg = DebugLib|x64
		{8DFB5D27-4594-45F9-8D3F-DECBE5C8884D}.DebugLib|x64.Build.0 = DebugLib|x64
		{8DFB5D27-4594-45F9-8D3F-DECBE5C8884D}.DebugLib|x86.ActiveCfg = DebugLib|Win32
		{8DFB5D27-4594-45F9-8D3F-DECBE5C8884D}.DebugLib|x86.Build.0 = DebugLib|Win32
		{8DFB5D27-4594-45F9-8D3F-DECBE5C8884D}.Release|x64.ActiveCfg = Release|x64
		{8DFB5D27-4594-45F9-8D3F-DECBE5C8884D}.Release|x64.Build.0 = Release|x64
		{8DFB5D27-4594-45F9-8D3F-DECBE5C8884D}.Release|x86.ActiveCfg = Release|Win32
		{8DFB5D27-4594-45F9-8D3F-DECBE5C8884D}.Release|x86.Build.0 = Release|Win32
		{8DFB5D27-4594-45F9-8D3F-DECBE5C8884D}.ReleaseLib|x64.ActiveCfg = ReleaseLib|x64
		{8DFB5D27-4594-45F9-8D3F-DECBE5C8884D}.ReleaseLib|x64.Build.0 = ReleaseLib|x64
		{8DFB5D27-4594-45F9-8D3F-DECBE5C8884D}.ReleaseLib|x86.ActiveCfg = ReleaseLib|Win32
		{8DFB5D27-4594-45F9-8D3F-DECBE5C8884D}.ReleaseLib|x86.Build.0 = ReleaseLib|Win32
	EndGlobalSection
	GlobalSection(SolutionProperties) = preSolution
		HideSolutionNode = FALSE
	EndGlobalSection
	GlobalSection(ExtensibilityGlobals) = postSolution
		SolutionGuid = {87E8F200-F215-41B8-86DF-B909B9EEA9DF}
	EndGlobalSection
EndGlobal
